
Microsoft Visual Studio Solution File, Format Version 12.00
# Visual Studio Version 18
VisualStudioVersion = 18.5.11801.241
MinimumVisualStudioVersion = 10.0.40219.1
Project("{FAE04EC0-301F-11D3-BF4B-00C04F79EFBC}") = "SIPlus.NET", "src\SIPlus\SIPlus.NET.csproj", "{5119C59C-7757-4E4B-BE44-7B6A464706CA}"
EndProject
Project("{FAE04EC0-301F-11D3-BF4B-00C04F79EFBC}") = "SIPlus.Test", "tests\SIPlus.Test\SIPlus.Test.csproj", "{C150710E-49B6-4E11-99B6-D3957C4C26FD}"
EndProject
Global
	GlobalSection(SolutionConfigurationPlatforms) = preSolution
		Debug|Any CPU = Debug|Any CPU
		Debug|x64 = Debug|x64
		Debug|x86 = Debug|x86
		Release|Any CPU = Release|Any CPU
		Release|x64 = Release|x64
		Release|x86 = Release|x86
	EndGlobalSection
	GlobalSection(ProjectConfigurationPlatforms) = postSolution
		{5119C59C-7757-4E4B-BE44-7B6A464706CA}.Debug|Any CPU.ActiveCfg = Debug|Any CPU
		{5119C59C-7757-4E4B-BE44-7B6A464706CA}.Debug|Any CPU.Build.0 = Debug|Any CPU
		{5119C59C-7757-4E4B-BE44-7B6A464706CA}.Debug|x64.ActiveCfg = Debug|Any CPU
		{5119C59C-7757-4E4B-BE44-7B6A464706CA}.Debug|x64.Build.0 = Debug|Any CPU
		{5119C59C-7757-4E4B-BE44-7B6A464706CA}.Debug|x86.ActiveCfg = Debug|Any CPU
		{5119C59C-7757-4E4B-BE44-7B6A464706CA}.Debug|x86.Build.0 = Debug|Any CPU
		{5119C59C-7757-4E4B-BE44-7B6A464706CA}.Release|Any CPU.ActiveCfg = Release|Any CPU
		{5119C59C-7757-4E4B-BE44-7B6A464706CA}.Release|Any CPU.Build.0 = Release|Any CPU
		{5119C59C-7757-4E4B-BE44-7B6A464706CA}.Release|x64.ActiveCfg = Release|Any CPU
		{5119C59C-7757-4E4B-BE44-7B6A464706CA}.Release|x64.Build.0 = Release|Any CPU
		{5119C59C-7757-4E4B-BE44-7B6A464706CA}.Release|x86.ActiveCfg = Release|Any CPU
		{5119C59C-7757-4E4B-BE44-7B6A464706CA}.Release|x86.Build.0 = Release|Any CPU
		{C150710E-49B6-4E11-99B6-D3957C4C26FD}.Debug|Any CPU.ActiveCfg = Debug|Any CPU
		{C150710E-49B6-4E11-99B6-D3957C4C26FD}.Debug|Any CPU.Build.0 = Debug|Any CPU
		{C150710E-49B6-4E11-99B6-D3957C4C26FD}.Debug|x64.ActiveCfg = Debug|Any CPU
		{C150710E-49B6-4E11-99B6-D3957C4C26FD}.Debug|x64.Build.0 = Debug|Any CPU
		{C150710E-49B6-4E11-99B6-D3957C4C26FD}.Debug|x86.ActiveCfg = Debug|Any CPU
		{C150710E-49B6-4E11-99B6-D3957C4C26FD}.Debug|x86.Build.0 = Debug|Any CPU
		{C150710E-49B6-4E11-99B6-D3957C4C26FD}.Release|Any CPU.ActiveCfg = Release|Any CPU
		{C150710E-49B6-4E11-99B6-D3957C4C26FD}.Release|Any CPU.Build.0 = Release|Any CPU
		{C150710E-49B6-4E11-99B6-D3957C4C26FD}.Release|x64.ActiveCfg = Release|Any CPU
		{C150710E-49B6-4E11-99B6-D3957C4C26FD}.Release|x64.Build.0 = Release|Any CPU
		{C150710E-49B6-4E11-99B6-D3957C4C26FD}.Release|x86.ActiveCfg = Release|Any CPU
		{C150710E-49B6-4E11-99B6-D3957C4C26FD}.Release|x86.Build.0 = Release|Any CPU
	EndGlobalSection
	GlobalSection(SolutionProperties) = preSolution
		HideSolutionNode = FALSE
	EndGlobalSection
	GlobalSection(ExtensibilityGlobals) = postSolution
		SolutionGuid = {F7756952-7FE2-4797-A120-7DD6BF0E2ED9}
	EndGlobalSection
EndGlobal
